// !$*UTF8*$!
{
	archiveVersion = 1;
	classes = {
	};
	objectVersion = 55;
	objects = {

/* Begin PBXBuildFile section */
		94C3C983293FAB7A004225EB /* AppDelegate.swift in Sources */ = {isa = PBXBuildFile; fileRef = 94C3C982293FAB7A004225EB /* AppDelegate.swift */; };
		94C3C985293FAB7A004225EB /* SceneDelegate.swift in Sources */ = {isa = PBXBuildFile; fileRef = 94C3C984293FAB7A004225EB /* SceneDelegate.swift */; };
		94C3C987293FAB7A004225EB /* ViewController.swift in Sources */ = {isa = PBXBuildFile; fileRef = 94C3C986293FAB7A004225EB /* ViewController.swift */; };
		94C3C98A293FAB7A004225EB /* Main.storyboard in Resources */ = {isa = PBXBuildFile; fileRef = 94C3C988293FAB7A004225EB /* Main.storyboard */; };
		94C3C98C293FAB7C004225EB /* Assets.xcassets in Resources */ = {isa = PBXBuildFile; fileRef = 94C3C98B293FAB7C004225EB /* Assets.xcassets */; };
		94C3C98F293FAB7C004225EB /* LaunchScreen.storyboard in Resources */ = {isa = PBXBuildFile; fileRef = 94C3C98D293FAB7C004225EB /* LaunchScreen.storyboard */; };
		94C3C99A293FAB7D004225EB /* fixpoint_testTests.swift in Sources */ = {isa = PBXBuildFile; fileRef = 94C3C999293FAB7D004225EB /* fixpoint_testTests.swift */; };
		94C3C9A4293FAB7D004225EB /* fixpoint_testUITests.swift in Sources */ = {isa = PBXBuildFile; fileRef = 94C3C9A3293FAB7D004225EB /* fixpoint_testUITests.swift */; };
		94C3C9A6293FAB7D004225EB /* fixpoint_testUITestsLaunchTests.swift in Sources */ = {isa = PBXBuildFile; fileRef = 94C3C9A5293FAB7D004225EB /* fixpoint_testUITestsLaunchTests.swift */; };
		94C3C9B3293FAE40004225EB /* log.csv in Resources */ = {isa = PBXBuildFile; fileRef = 94C3C9B2293FAE40004225EB /* log.csv */; };
/* End PBXBuildFile section */

/* Begin PBXContainerItemProxy section */
		94C3C996293FAB7D004225EB /* PBXContainerItemProxy */ = {
			isa = PBXContainerItemProxy;
			containerPortal = 94C3C977293FAB7A004225EB /* Project object */;
			proxyType = 1;
			remoteGlobalIDString = 94C3C97E293FAB7A004225EB;
			remoteInfo = fixpoint_test;
		};
		94C3C9A0293FAB7D004225EB /* PBXContainerItemProxy */ = {
			isa = PBXContainerItemProxy;
			containerPortal = 94C3C977293FAB7A004225EB /* Project object */;
			proxyType = 1;
			remoteGlobalIDString = 94C3C97E293FAB7A004225EB;
			remoteInfo = fixpoint_test;
		};
/* End PBXContainerItemProxy section */

/* Begin PBXFileReference section */
		94C3C97F293FAB7A004225EB /* fixpoint_test.app */ = {isa = PBXFileReference; explicitFileType = wrapper.application; includeInIndex = 0; path = fixpoint_test.app; sourceTree = BUILT_PRODUCTS_DIR; };
		94C3C982293FAB7A004225EB /* AppDelegate.swift */ = {isa = PBXFileReference; lastKnownFileType = sourcecode.swift; path = AppDelegate.swift; sourceTree = "<group>"; };
		94C3C984293FAB7A004225EB /* SceneDelegate.swift */ = {isa = PBXFileReference; lastKnownFileType = sourcecode.swift; path = SceneDelegate.swift; sourceTree = "<group>"; };
		94C3C986293FAB7A004225EB /* ViewController.swift */ = {isa = PBXFileReference; lastKnownFileType = sourcecode.swift; path = ViewController.swift; sourceTree = "<group>"; };
		94C3C989293FAB7A004225EB /* Base */ = {isa = PBXFileReference; lastKnownFileType = file.storyboard; name = Base; path = Base.lproj/Main.storyboard; sourceTree = "<group>"; };
		94C3C98B293FAB7C004225EB /* Assets.xcassets */ = {isa = PBXFileReference; lastKnownFileType = folder.assetcatalog; path = Assets.xcassets; sourceTree = "<group>"; };
		94C3C98E293FAB7C004225EB /* Base */ = {isa = PBXFileReference; lastKnownFileType = file.storyboard; name = Base; path = Base.lproj/LaunchScreen.storyboard; sourceTree = "<group>"; };
		94C3C990293FAB7C004225EB /* Info.plist */ = {isa = PBXFileReference; lastKnownFileType = text.plist.xml; path = Info.plist; sourceTree = "<group>"; };
		94C3C995293FAB7D004225EB /* fixpoint_testTests.xctest */ = {isa = PBXFileReference; explicitFileType = wrapper.cfbundle; includeInIndex = 0; path = fixpoint_testTests.xctest; sourceTree = BUILT_PRODUCTS_DIR; };
		94C3C999293FAB7D004225EB /* fixpoint_testTests.swift */ = {isa = PBXFileReference; lastKnownFileType = sourcecode.swift; path = fixpoint_testTests.swift; sourceTree = "<group>"; };
		94C3C99F293FAB7D004225EB /* fixpoint_testUITests.xctest */ = {isa = PBXFileReference; explicitFileType = wrapper.cfbundle; includeInIndex = 0; path = fixpoint_testUITests.xctest; sourceTree = BUILT_PRODUCTS_DIR; };
		94C3C9A3293FAB7D004225EB /* fixpoint_testUITests.swift */ = {isa = PBXFileReference; lastKnownFileType = sourcecode.swift; path = fixpoint_testUITests.swift; sourceTree = "<group>"; };
		94C3C9A5293FAB7D004225EB /* fixpoint_testUITestsLaunchTests.swift */ = {isa = PBXFileReference; lastKnownFileType = sourcecode.swift; path = fixpoint_testUITestsLaunchTests.swift; sourceTree = "<group>"; };
		94C3C9B2293FAE40004225EB /* log.csv */ = {isa = PBXFileReference; lastKnownFileType = text; path = log.csv; sourceTree = "<group>"; };
/* End PBXFileReference section */

/* Begin PBXFrameworksBuildPhase section */
		94C3C97C293FAB7A004225EB /* Frameworks */ = {
			isa = PBXFrameworksBuildPhase;
			buildActionMask = 2147483647;
			files = (
			);
			runOnlyForDeploymentPostprocessing = 0;
		};
		94C3C992293FAB7D004225EB /* Frameworks */ = {
			isa = PBXFrameworksBuildPhase;
			buildActionMask = 2147483647;
			files = (
			);
			runOnlyForDeploymentPostprocessing = 0;
		};
		94C3C99C293FAB7D004225EB /* Frameworks */ = {
			isa = PBXFrameworksBuildPhase;
			buildActionMask = 2147483647;
			files = (
			);
			runOnlyForDeploymentPostprocessing = 0;
		};
/* End PBXFrameworksBuildPhase section */

/* Begin PBXGroup section */
		94C3C976293FAB7A004225EB = {
			isa = PBXGroup;
			children = (
				94C3C981293FAB7A004225EB /* fixpoint_test */,
				94C3C998293FAB7D004225EB /* fixpoint_testTests */,
				94C3C9A2293FAB7D004225EB /* fixpoint_testUITests */,
				94C3C980293FAB7A004225EB /* Products */,
			);
			sourceTree = "<group>";
		};
		94C3C980293FAB7A004225EB /* Products */ = {
			isa = PBXGroup;
			children = (
				94C3C97F293FAB7A004225EB /* fixpoint_test.app */,
				94C3C995293FAB7D004225EB /* fixpoint_testTests.xctest */,
				94C3C99F293FAB7D004225EB /* fixpoint_testUITests.xctest */,
			);
			name = Products;
			sourceTree = "<group>";
		};
		94C3C981293FAB7A004225EB /* fixpoint_test */ = {
			isa = PBXGroup;
			children = (
				94C3C982293FAB7A004225EB /* AppDelegate.swift */,
				94C3C984293FAB7A004225EB /* SceneDelegate.swift */,
				94C3C986293FAB7A004225EB /* ViewController.swift */,
				94C3C9B2293FAE40004225EB /* log.csv */,
				94C3C988293FAB7A004225EB /* Main.storyboard */,
				94C3C98B293FAB7C004225EB /* Assets.xcassets */,
				94C3C98D293FAB7C004225EB /* LaunchScreen.storyboard */,
				94C3C990293FAB7C004225EB /* Info.plist */,
			);
			path = fixpoint_test;
			sourceTree = "<group>";
		};
		94C3C998293FAB7D004225EB /* fixpoint_testTests */ = {
			isa = PBXGroup;
			children = (
				94C3C999293FAB7D004225EB /* fixpoint_testTests.swift */,
			);
			path = fixpoint_testTests;
			sourceTree = "<group>";
		};
		94C3C9A2293FAB7D004225EB /* fixpoint_testUITests */ = {
			isa = PBXGroup;
			children = (
				94C3C9A3293FAB7D004225EB /* fixpoint_testUITests.swift */,
				94C3C9A5293FAB7D004225EB /* fixpoint_testUITestsLaunchTests.swift */,
			);
			path = fixpoint_testUITests;
			sourceTree = "<group>";
		};
/* End PBXGroup section */

/* Begin PBXNativeTarget section */
		94C3C97E293FAB7A004225EB /* fixpoint_test */ = {
			isa = PBXNativeTarget;
			buildConfigurationList = 94C3C9A9293FAB7D004225EB /* Build configuration list for PBXNativeTarget "fixpoint_test" */;
			buildPhases = (
				94C3C97B293FAB7A004225EB /* Sources */,
				94C3C97C293FAB7A004225EB /* Frameworks */,
				94C3C97D293FAB7A004225EB /* Resources */,
			);
			buildRules = (
			);
			dependencies = (
			);
			name = fixpoint_test;
			productName = fixpoint_test;
			productReference = 94C3C97F293FAB7A004225EB /* fixpoint_test.app */;
			productType = "com.apple.product-type.application";
		};
		94C3C994293FAB7D004225EB /* fixpoint_testTests */ = {
			isa = PBXNativeTarget;
			buildConfigurationList = 94C3C9AC293FAB7D004225EB /* Build configuration list for PBXNativeTarget "fixpoint_testTests" */;
			buildPhases = (
				94C3C991293FAB7D004225EB /* Sources */,
				94C3C992293FAB7D004225EB /* Frameworks */,
				94C3C993293FAB7D004225EB /* Resources */,
			);
			buildRules = (
			);
			dependencies = (
				94C3C997293FAB7D004225EB /* PBXTargetDependency */,
			);
			name = fixpoint_testTests;
			productName = fixpoint_testTests;
			productReference = 94C3C995293FAB7D004225EB /* fixpoint_testTests.xctest */;
			productType = "com.apple.product-type.bundle.unit-test";
		};
		94C3C99E293FAB7D004225EB /* fixpoint_testUITests */ = {
			isa = PBXNativeTarget;
			buildConfigurationList = 94C3C9AF293FAB7D004225EB /* Build configuration list for PBXNativeTarget "fixpoint_testUITests" */;
			buildPhases = (
				94C3C99B293FAB7D004225EB /* Sources */,
				94C3C99C293FAB7D004225EB /* Frameworks */,
				94C3C99D293FAB7D004225EB /* Resources */,
			);
			buildRules = (
			);
			dependencies = (
				94C3C9A1293FAB7D004225EB /* PBXTargetDependency */,
			);
			name = fixpoint_testUITests;
			productName = fixpoint_testUITests;
			productReference = 94C3C99F293FAB7D004225EB /* fixpoint_testUITests.xctest */;
			productType = "com.apple.product-type.bundle.ui-testing";
		};
/* End PBXNativeTarget section */

/* Begin PBXProject section */
		94C3C977293FAB7A004225EB /* Project object */ = {
			isa = PBXProject;
			attributes = {
				BuildIndependentTargetsInParallel = 1;
				LastSwiftUpdateCheck = 1330;
				LastUpgradeCheck = 1330;
				TargetAttributes = {
					94C3C97E293FAB7A004225EB = {
						CreatedOnToolsVersion = 13.3.1;
					};
					94C3C994293FAB7D004225EB = {
						CreatedOnToolsVersion = 13.3.1;
						TestTargetID = 94C3C97E293FAB7A004225EB;
					};
					94C3C99E293FAB7D004225EB = {
						CreatedOnToolsVersion = 13.3.1;
						TestTargetID = 94C3C97E293FAB7A004225EB;
					};
				};
			};
			buildConfigurationList = 94C3C97A293FAB7A004225EB /* Build configuration list for PBXProject "fixpoint_test" */;
			compatibilityVersion = "Xcode 13.0";
			developmentRegion = en;
			hasScannedForEncodings = 0;
			knownRegions = (
				en,
				Base,
			);
			mainGroup = 94C3C976293FAB7A004225EB;
			productRefGroup = 94C3C980293FAB7A004225EB /* Products */;
			projectDirPath = "";
			projectRoot = "";
			targets = (
				94C3C97E293FAB7A004225EB /* fixpoint_test */,
				94C3C994293FAB7D004225EB /* fixpoint_testTests */,
				94C3C99E293FAB7D004225EB /* fixpoint_testUITests */,
			);
		};
/* End PBXProject section */

/* Begin PBXResourcesBuildPhase section */
		94C3C97D293FAB7A004225EB /* Resources */ = {
			isa = PBXResourcesBuildPhase;
			buildActionMask = 2147483647;
			files = (
				94C3C98F293FAB7C004225EB /* LaunchScreen.storyboard in Resources */,
				94C3C98C293FAB7C004225EB /* Assets.xcassets in Resources */,
				94C3C98A293FAB7A004225EB /* Main.storyboard in Resources */,
				94C3C9B3293FAE40004225EB /* log.csv in Resources */,
			);
			runOnlyForDeploymentPostprocessing = 0;
		};
		94C3C993293FAB7D004225EB /* Resources */ = {
			isa = PBXResourcesBuildPhase;
			buildActionMask = 2147483647;
			files = (
			);
			runOnlyForDeploymentPostprocessing = 0;
		};
		94C3C99D293FAB7D004225EB /* Resources */ = {
			isa = PBXResourcesBuildPhase;
			buildActionMask = 2147483647;
			files = (
			);
			runOnlyForDeploymentPostprocessing = 0;
		};
/* End PBXResourcesBuildPhase section */

/* Begin PBXSourcesBuildPhase section */
		94C3C97B293FAB7A004225EB /* Sources */ = {
			isa = PBXSourcesBuildPhase;
			buildActionMask = 2147483647;
			files = (
				94C3C987293FAB7A004225EB /* ViewController.swift in Sources */,
				94C3C983293FAB7A004225EB /* AppDelegate.swift in Sources */,
				94C3C985293FAB7A004225EB /* SceneDelegate.swift in Sources */,
			);
			runOnlyForDeploymentPostprocessing = 0;
		};
		94C3C991293FAB7D004225EB /* Sources */ = {
			isa = PBXSourcesBuildPhase;
			buildActionMask = 2147483647;
			files = (
				94C3C99A293FAB7D004225EB /* fixpoint_testTests.swift in Sources */,
			);
			runOnlyForDeploymentPostprocessing = 0;
		};
		94C3C99B293FAB7D004225EB /* Sources */ = {
			isa = PBXSourcesBuildPhase;
			buildActionMask = 2147483647;
			files = (
				94C3C9A4293FAB7D004225EB /* fixpoint_testUITests.swift in Sources */,
				94C3C9A6293FAB7D004225EB /* fixpoint_testUITestsLaunchTests.swift in Sources */,
			);
			runOnlyForDeploymentPostprocessing = 0;
		};
/* End PBXSourcesBuildPhase section */

/* Begin PBXTargetDependency section */
		94C3C997293FAB7D004225EB /* PBXTargetDependency */ = {
			isa = PBXTargetDependency;
			target = 94C3C97E293FAB7A004225EB /* fixpoint_test */;
			targetProxy = 94C3C996293FAB7D004225EB /* PBXContainerItemProxy */;
		};
		94C3C9A1293FAB7D004225EB /* PBXTargetDependency */ = {
			isa = PBXTargetDependency;
			target = 94C3C97E293FAB7A004225EB /* fixpoint_test */;
			targetProxy = 94C3C9A0293FAB7D004225EB /* PBXContainerItemProxy */;
		};
/* End PBXTargetDependency section */

/* Begin PBXVariantGroup section */
		94C3C988293FAB7A004225EB /* Main.storyboard */ = {
			isa = PBXVariantGroup;
			children = (
				94C3C989293FAB7A004225EB /* Base */,
			);
			name = Main.storyboard;
			sourceTree = "<group>";
		};
		94C3C98D293FAB7C004225EB /* LaunchScreen.storyboard */ = {
			isa = PBXVariantGroup;
			children = (
				94C3C98E293FAB7C004225EB /* Base */,
			);
			name = LaunchScreen.storyboard;
			sourceTree = "<group>";
		};
/* End PBXVariantGroup section */

/* Begin XCBuildConfiguration section */
		94C3C9A7293FAB7D004225EB /* Debug */ = {
			isa = XCBuildConfiguration;
			buildSettings = {
				ALWAYS_SEARCH_USER_PATHS = NO;
				CLANG_ANALYZER_NONNULL = YES;
				CLANG_ANALYZER_NUMBER_OBJECT_CONVERSION = YES_AGGRESSIVE;
				CLANG_CXX_LANGUAGE_STANDARD = "gnu++17";
				CLANG_ENABLE_MODULES = YES;
				CLANG_ENABLE_OBJC_ARC = YES;
				CLANG_ENABLE_OBJC_WEAK = YES;
				CLANG_WARN_BLOCK_CAPTURE_AUTORELEASING = YES;
				CLANG_WARN_BOOL_CONVERSION = YES;
				CLANG_WARN_COMMA = YES;
				CLANG_WARN_CONSTANT_CONVERSION = YES;
				CLANG_WARN_DEPRECATED_OBJC_IMPLEMENTATIONS = YES;
				CLANG_WARN_DIRECT_OBJC_ISA_USAGE = YES_ERROR;
				CLANG_WARN_DOCUMENTATION_COMMENTS = YES;
				CLANG_WARN_EMPTY_BODY = YES;
				CLANG_WARN_ENUM_CONVERSION = YES;
				CLANG_WARN_INFINITE_RECURSION = YES;
				CLANG_WARN_INT_CONVERSION = YES;
				CLANG_WARN_NON_LITERAL_NULL_CONVERSION = YES;
				CLANG_WARN_OBJC_IMPLICIT_RETAIN_SELF = YES;
				CLANG_WARN_OBJC_LITERAL_CONVERSION = YES;
				CLANG_WARN_OBJC_ROOT_CLASS = YES_ERROR;
				CLANG_WARN_QUOTED_INCLUDE_IN_FRAMEWORK_HEADER = YES;
				CLANG_WARN_RANGE_LOOP_ANALYSIS = YES;
				CLANG_WARN_STRICT_PROTOTYPES = YES;
				CLANG_WARN_SUSPICIOUS_MOVE = YES;
				CLANG_WARN_UNGUARDED_AVAILABILITY = YES_AGGRESSIVE;
				CLANG_WARN_UNREACHABLE_CODE = YES;
				CLANG_WARN__DUPLICATE_METHOD_MATCH = YES;
				COPY_PHASE_STRIP = NO;
				DEBUG_INFORMATION_FORMAT = dwarf;
				ENABLE_STRICT_OBJC_MSGSEND = YES;
				ENABLE_TESTABILITY = YES;
				GCC_C_LANGUAGE_STANDARD = gnu11;
				GCC_DYNAMIC_NO_PIC = NO;
				GCC_NO_COMMON_BLOCKS = YES;
				GCC_OPTIMIZATION_LEVEL = 0;
				GCC_PREPROCESSOR_DEFINITIONS = (
					"DEBUG=1",
					"$(inherited)",
				);
				GCC_WARN_64_TO_32_BIT_CONVERSION = YES;
				GCC_WARN_ABOUT_RETURN_TYPE = YES_ERROR;
				GCC_WARN_UNDECLARED_SELECTOR = YES;
				GCC_WARN_UNINITIALIZED_AUTOS = YES_AGGRESSIVE;
				GCC_WARN_UNUSED_FUNCTION = YES;
				GCC_WARN_UNUSED_VARIABLE = YES;
				IPHONEOS_DEPLOYMENT_TARGET = 15.4;
				MTL_ENABLE_DEBUG_INFO = INCLUDE_SOURCE;
				MTL_FAST_MATH = YES;
				ONLY_ACTIVE_ARCH = YES;
				SDKROOT = iphoneos;
				SWIFT_ACTIVE_COMPILATION_CONDITIONS = DEBUG;
				SWIFT_OPTIMIZATION_LEVEL = "-Onone";
			};
			name = Debug;
		};
		94C3C9A8293FAB7D004225EB /* Release */ = {
			isa = XCBuildConfiguration;
			buildSettings = {
				ALWAYS_SEARCH_USER_PATHS = NO;
				CLANG_ANALYZER_NONNULL = YES;
				CLANG_ANALYZER_NUMBER_OBJECT_CONVERSION = YES_AGGRESSIVE;
				CLANG_CXX_LANGUAGE_STANDARD = "gnu++17";
				CLANG_ENABLE_MODULES = YES;
				CLANG_ENABLE_OBJC_ARC = YES;
				CLANG_ENABLE_OBJC_WEAK = YES;
				CLANG_WARN_BLOCK_CAPTURE_AUTORELEASING = YES;
				CLANG_WARN_BOOL_CONVERSION = YES;
				CLANG_WARN_COMMA = YES;
				CLANG_WARN_CONSTANT_CONVERSION = YES;
				CLANG_WARN_DEPRECATED_OBJC_IMPLEMENTATIONS = YES;
				CLANG_WARN_DIRECT_OBJC_ISA_USAGE = YES_ERROR;
				CLANG_WARN_DOCUMENTATION_COMMENTS = YES;
				CLANG_WARN_EMPTY_BODY = YES;
				CLANG_WARN_ENUM_CONVERSION = YES;
				CLANG_WARN_INFINITE_RECURSION = YES;
				CLANG_WARN_INT_CONVERSION = YES;
				CLANG_WARN_NON_LITERAL_NULL_CONVERSION = YES;
				CLANG_WARN_OBJC_IMPLICIT_RETAIN_SELF = YES;
				CLANG_WARN_OBJC_LITERAL_CONVERSION = YES;
				CLANG_WARN_OBJC_ROOT_CLASS = YES_ERROR;
				CLANG_WARN_QUOTED_INCLUDE_IN_FRAMEWORK_HEADER = YES;
				CLANG_WARN_RANGE_LOOP_ANALYSIS = YES;
				CLANG_WARN_STRICT_PROTOTYPES = YES;
				CLANG_WARN_SUSPICIOUS_MOVE = YES;
				CLANG_WARN_UNGUARDED_AVAILABILITY = YES_AGGRESSIVE;
				CLANG_WARN_UNREACHABLE_CODE = YES;
				CLANG_WARN__DUPLICATE_METHOD_MATCH = YES;
				COPY_PHASE_STRIP = NO;
				DEBUG_INFORMATION_FORMAT = "dwarf-with-dsym";
				ENABLE_NS_ASSERTIONS = NO;
				ENABLE_STRICT_OBJC_MSGSEND = YES;
				GCC_C_LANGUAGE_STANDARD = gnu11;
				GCC_NO_COMMON_BLOCKS = YES;
				GCC_WARN_64_TO_32_BIT_CONVERSION = YES;
				GCC_WARN_ABOUT_RETURN_TYPE = YES_ERROR;
				GCC_WARN_UNDECLARED_SELECTOR = YES;
				GCC_WARN_UNINITIALIZED_AUTOS = YES_AGGRESSIVE;
				GCC_WARN_UNUSED_FUNCTION = YES;
				GCC_WARN_UNUSED_VARIABLE = YES;
				IPHONEOS_DEPLOYMENT_TARGET = 15.4;
				MTL_ENABLE_DEBUG_INFO = NO;
				MTL_FAST_MATH = YES;
				SDKROOT = iphoneos;
				SWIFT_COMPILATION_MODE = wholemodule;
				SWIFT_OPTIMIZATION_LEVEL = "-O";
				VALIDATE_PRODUCT = YES;
			};
			name = Release;
		};
		94C3C9AA293FAB7D004225EB /* Debug */ = {
			isa = XCBuildConfiguration;
			buildSettings = {
				ASSETCATALOG_COMPILER_APPICON_NAME = AppIcon;
				ASSETCATALOG_COMPILER_GLOBAL_ACCENT_COLOR_NAME = AccentColor;
				CODE_SIGN_STYLE = Automatic;
				CURRENT_PROJECT_VERSION = 1;
				DEVELOPMENT_TEAM = TZ5A5U924L;
				GENERATE_INFOPLIST_FILE = YES;
				INFOPLIST_FILE = fixpoint_test/Info.plist;
				INFOPLIST_KEY_UIApplicationSupportsIndirectInputEvents = YES;
				INFOPLIST_KEY_UILaunchStoryboardName = LaunchScreen;
				INFOPLIST_KEY_UIMainStoryboardFile = Main;
				INFOPLIST_KEY_UISupportedInterfaceOrientations_iPad = "UIInterfaceOrientationPortrait UIInterfaceOrientationPortraitUpsideDown UIInterfaceOrientationLandscapeLeft UIInterfaceOrientationLandscapeRight";
				INFOPLIST_KEY_UISupportedInterfaceOrientations_iPhone = "UIInterfaceOrientationPortrait UIInterfaceOrientationLandscapeLeft UIInterfaceOrientationLandscapeRight";
				LD_RUNPATH_SEARCH_PATHS = (
					"$(inherited)",
					"@executable_path/Frameworks",
				);
				MARKETING_VERSION = 1.0;
				PRODUCT_BUNDLE_IDENTIFIER = "com.Asady.fixpoint-test";
				PRODUCT_NAME = "$(TARGET_NAME)";
				SWIFT_EMIT_LOC_STRINGS = YES;
				SWIFT_VERSION = 5.0;
				TARGETED_DEVICE_FAMILY = "1,2";
			};
			name = Debug;
		};
		94C3C9AB293FAB7D004225EB /* Release */ = {
			isa = XCBuildConfiguration;
			buildSettings = {
				ASSETCATALOG_COMPILER_APPICON_NAME = AppIcon;
				ASSETCATALOG_COMPILER_GLOBAL_ACCENT_COLOR_NAME = AccentColor;
				CODE_SIGN_STYLE = Automatic;
				CURRENT_PROJECT_VERSION = 1;
				DEVELOPMENT_TEAM = TZ5A5U924L;
				GENERATE_INFOPLIST_FILE = YES;
				INFOPLIST_FILE = fixpoint_test/Info.plist;
				INFOPLIST_KEY_UIApplicationSupportsIndirectInputEvents = YES;
				INFOPLIST_KEY_UILaunchStoryboardName = LaunchScreen;
				INFOPLIST_KEY_UIMainStoryboardFile = Main;
				INFOPLIST_KEY_UISupportedInterfaceOrientations_iPad = "UIInterfaceOrientationPortrait UIInterfaceOrientationPortraitUpsideDown UIInterfaceOrientationLandscapeLeft UIInterfaceOrientationLandscapeRight";
				INFOPLIST_KEY_UISupportedInterfaceOrientations_iPhone = "UIInterfaceOrientationPortrait UIInterfaceOrientationLandscapeLeft UIInterfaceOrientationLandscapeRight";
				LD_RUNPATH_SEARCH_PATHS = (
					"$(inherited)",
					"@executable_path/Frameworks",
				);
				MARKETING_VERSION = 1.0;
				PRODUCT_BUNDLE_IDENTIFIER = "com.Asady.fixpoint-test";
				PRODUCT_NAME = "$(TARGET_NAME)";
				SWIFT_EMIT_LOC_STRINGS = YES;
				SWIFT_VERSION = 5.0;
				TARGETED_DEVICE_FAMILY = "1,2";
			};
			name = Release;
		};
		94C3C9AD293FAB7D004225EB /* Debug */ = {
			isa = XCBuildConfiguration;
			buildSettings = {
				ALWAYS_EMBED_SWIFT_STANDARD_LIBRARIES = YES;
				BUNDLE_LOADER = "$(TEST_HOST)";
				CODE_SIGN_STYLE = Automatic;
				CURRENT_PROJECT_VERSION = 1;
				DEVELOPMENT_TEAM = TZ5A5U924L;
				GENERATE_INFOPLIST_FILE = YES;
				IPHONEOS_DEPLOYMENT_TARGET = 15.4;
				MARKETING_VERSION = 1.0;
				PRODUCT_BUNDLE_IDENTIFIER = "com.Asady.fixpoint-testTests";
				PRODUCT_NAME = "$(TARGET_NAME)";
				SWIFT_EMIT_LOC_STRINGS = NO;
				SWIFT_VERSION = 5.0;
				TARGETED_DEVICE_FAMILY = "1,2";
				TEST_HOST = "$(BUILT_PRODUCTS_DIR)/fixpoint_test.app/fixpoint_test";
			};
			name = Debug;
		};
		94C3C9AE293FAB7D004225EB /* Release */ = {
			isa = XCBuildConfiguration;
			buildSettings = {
				ALWAYS_EMBED_SWIFT_STANDARD_LIBRARIES = YES;
				BUNDLE_LOADER = "$(TEST_HOST)";
				CODE_SIGN_STYLE = Automatic;
				CURRENT_PROJECT_VERSION = 1;
				DEVELOPMENT_TEAM = TZ5A5U924L;
				GENERATE_INFOPLIST_FILE = YES;
				IPHONEOS_DEPLOYMENT_TARGET = 15.4;
				MARKETING_VERSION = 1.0;
				PRODUCT_BUNDLE_IDENTIFIER = "com.Asady.fixpoint-testTests";
				PRODUCT_NAME = "$(TARGET_NAME)";
				SWIFT_EMIT_LOC_STRINGS = NO;
				SWIFT_VERSION = 5.0;
				TARGETED_DEVICE_FAMILY = "1,2";
				TEST_HOST = "$(BUILT_PRODUCTS_DIR)/fixpoint_test.app/fixpoint_test";
			};
			name = Release;
		};
		94C3C9B0293FAB7D004225EB /* Debug */ = {
			isa = XCBuildConfiguration;
			buildSettings = {
				ALWAYS_EMBED_SWIFT_STANDARD_LIBRARIES = YES;
				CODE_SIGN_STYLE = Automatic;
				CURRENT_PROJECT_VERSION = 1;
				DEVELOPMENT_TEAM = TZ5A5U924L;
				GENERATE_INFOPLIST_FILE = YES;
				MARKETING_VERSION = 1.0;
				PRODUCT_BUNDLE_IDENTIFIER = "com.Asady.fixpoint-testUITests";
				PRODUCT_NAME = "$(TARGET_NAME)";
				SWIFT_EMIT_LOC_STRINGS = NO;
				SWIFT_VERSION = 5.0;
				TARGETED_DEVICE_FAMILY = "1,2";
				TEST_TARGET_NAME = fixpoint_test;
			};
			name = Debug;
		};
		94C3C9B1293FAB7D004225EB /* Release */ = {
			isa = XCBuildConfiguration;
			buildSettings = {
				ALWAYS_EMBED_SWIFT_STANDARD_LIBRARIES = YES;
				CODE_SIGN_STYLE = Automatic;
				CURRENT_PROJECT_VERSION = 1;
				DEVELOPMENT_TEAM = TZ5A5U924L;
				GENERATE_INFOPLIST_FILE = YES;
				MARKETING_VERSION = 1.0;
				PRODUCT_BUNDLE_IDENTIFIER = "com.Asady.fixpoint-testUITests";
				PRODUCT_NAME = "$(TARGET_NAME)";
				SWIFT_EMIT_LOC_STRINGS = NO;
				SWIFT_VERSION = 5.0;
				TARGETED_DEVICE_FAMILY = "1,2";
				TEST_TARGET_NAME = fixpoint_test;
			};
			name = Release;
		};
/* End XCBuildConfiguration section */

/* Begin XCConfigurationList section */
		94C3C97A293FAB7A004225EB /* Build configuration list for PBXProject "fixpoint_test" */ = {
			isa = XCConfigurationList;
			buildConfigurations = (
				94C3C9A7293FAB7D004225EB /* Debug */,
				94C3C9A8293FAB7D004225EB /* Release */,
			);
			defaultConfigurationIsVisible = 0;
			defaultConfigurationName = Release;
		};
		94C3C9A9293FAB7D004225EB /* Build configuration list for PBXNativeTarget "fixpoint_test" */ = {
			isa = XCConfigurationList;
			buildConfigurations = (
				94C3C9AA293FAB7D004225EB /* Debug */,
				94C3C9AB293FAB7D004225EB /* Release */,
			);
			defaultConfigurationIsVisible = 0;
			defaultConfigurationName = Release;
		};
		94C3C9AC293FAB7D004225EB /* Build configuration list for PBXNativeTarget "fixpoint_testTests" */ = {
			isa = XCConfigurationList;
			buildConfigurations = (
				94C3C9AD293FAB7D004225EB /* Debug */,
				94C3C9AE293FAB7D004225EB /* Release */,
			);
			defaultConfigurationIsVisible = 0;
			defaultConfigurationName = Release;
		};
		94C3C9AF293FAB7D004225EB /* Build configuration list for PBXNativeTarget "fixpoint_testUITests" */ = {
			isa = XCConfigurationList;
			buildConfigurations = (
				94C3C9B0293FAB7D004225EB /* Debug */,
				94C3C9B1293FAB7D004225EB /* Release */,
			);
			defaultConfigurationIsVisible = 0;
			defaultConfigurationName = Release;
		};
/* End XCConfigurationList section */
	};
	rootObject = 94C3C977293FAB7A004225EB /* Project object */;
}
